
Microsoft Visual Studio Solution File, Format Version 12.00
# Visual Studio Version 17
VisualStudioVersion = 17.1.32328.378
MinimumVisualStudioVersion = 10.0.40219.1
Project("{8BC9CEB8-8B4A-11D0-8D11-00A0C91BC942}") = "test-6-14", "test-6-14\test-6-14.vcxproj", "{EBF0D0B1-C2E9-458B-8F59-80A2EB8BE114}"
EndProject
Global
	GlobalSection(SolutionConfigurationPlatforms) = preSolution
		Debug|x64 = Debug|x64
		Debug|x86 = Debug|x86
		Release|x64 = Release|x64
		Release|x86 = Release|x86
	EndGlobalSection
	GlobalSection(ProjectConfigurationPlatforms) = postSolution
		{EBF0D0B1-C2E9-458B-8F59-80A2EB8BE114}.Debug|x64.ActiveCfg = Debug|x64
		{EBF0D0B1-C2E9-458B-8F59-80A2EB8BE114}.Debug|x64.Build.0 = Debug|x64
		{EBF0D0B1-C2E9-458B-8F59-80A2EB8BE114}.Debug|x86.ActiveCfg = Debug|Win32
		{EBF0D0B1-C2E9-458B-8F59-80A2EB8BE114}.Debug|x86.Build.0 = Debug|Win32
		{EBF0D0B1-C2E9-458B-8F59-80A2EB8BE114}.Release|x64.ActiveCfg = Release|x64
		{EBF0D0B1-C2E9-458B-8F59-80A2EB8BE114}.Release|x64.Build.0 = Release|x64
		{EBF0D0B1-C2E9-458B-8F59-80A2EB8BE114}.Release|x86.ActiveCfg = Release|Win32
		{EBF0D0B1-C2E9-458B-8F59-80A2EB8BE114}.Release|x86.Build.0 = Release|Win32
	EndGlobalSection
	GlobalSection(SolutionProperties) = preSolution
		HideSolutionNode = FALSE
	EndGlobalSection
	GlobalSection(ExtensibilityGlobals) = postSolution
		SolutionGuid = {21D9BC9C-033B-423D-AA01-D33B9C976D59}
	EndGlobalSection
EndGlobal
