
Microsoft Visual Studio Solution File, Format Version 12.00
# Visual Studio Version 17
VisualStudioVersion = 17.0.32112.339
MinimumVisualStudioVersion = 10.0.40219.1
Project("{8BC9CEB8-8B4A-11D0-8D11-00A0C91BC942}") = "机房管理系统1", "机房管理系统1\机房管理系统1.vcxproj", "{149ADCEB-56F0-450A-AA8C-01740A63C207}"
EndProject
Global
	GlobalSection(SolutionConfigurationPlatforms) = preSolution
		Debug|x64 = Debug|x64
		Debug|x86 = Debug|x86
		Release|x64 = Release|x64
		Release|x86 = Release|x86
	EndGlobalSection
	GlobalSection(ProjectConfigurationPlatforms) = postSolution
		{149ADCEB-56F0-450A-AA8C-01740A63C207}.Debug|x64.ActiveCfg = Debug|x64
		{149ADCEB-56F0-450A-AA8C-01740A63C207}.Debug|x64.Build.0 = Debug|x64
		{149ADCEB-56F0-450A-AA8C-01740A63C207}.Debug|x86.ActiveCfg = Debug|Win32
		{149ADCEB-56F0-450A-AA8C-01740A63C207}.Debug|x86.Build.0 = Debug|Win32
		{149ADCEB-56F0-450A-AA8C-01740A63C207}.Release|x64.ActiveCfg = Release|x64
		{149ADCEB-56F0-450A-AA8C-01740A63C207}.Release|x64.Build.0 = Release|x64
		{149ADCEB-56F0-450A-AA8C-01740A63C207}.Release|x86.ActiveCfg = Release|Win32
		{149ADCEB-56F0-450A-AA8C-01740A63C207}.Release|x86.Build.0 = Release|Win32
	EndGlobalSection
	GlobalSection(SolutionProperties) = preSolution
		HideSolutionNode = FALSE
	EndGlobalSection
	GlobalSection(ExtensibilityGlobals) = postSolution
		SolutionGuid = {B76E936B-7458-468C-9CEC-787CD6F1B47D}
	EndGlobalSection
EndGlobal
